
Microsoft Visual Studio Solution File, Format Version 12.00
# Visual Studio Version 16
VisualStudioVersion = 16.0.30406.217
MinimumVisualStudioVersion = 10.0.40219.1
Project("{FAE04EC0-301F-11D3-BF4B-00C04F79EFBC}") = "AplikasiLatihanTiga3", "AplikasiLatihanTiga3\AplikasiLatihanTiga3.csproj", "{8EB05DD7-8735-4E46-99F0-4537A3473D8A}"
EndProject
Global
	GlobalSection(SolutionConfigurationPlatforms) = preSolution
		Debug|Any CPU = Debug|Any CPU
		Release|Any CPU = Release|Any CPU
	EndGlobalSection
	GlobalSection(ProjectConfigurationPlatforms) = postSolution
		{8EB05DD7-8735-4E46-99F0-4537A3473D8A}.Debug|Any CPU.ActiveCfg = Debug|Any CPU
		{8EB05DD7-8735-4E46-99F0-4537A3473D8A}.Debug|Any CPU.Build.0 = Debug|Any CPU
		{8EB05DD7-8735-4E46-99F0-4537A3473D8A}.Release|Any CPU.ActiveCfg = Release|Any CPU
		{8EB05DD7-8735-4E46-99F0-4537A3473D8A}.Release|Any CPU.Build.0 = Release|Any CPU
	EndGlobalSection
	GlobalSection(SolutionProperties) = preSolution
		HideSolutionNode = FALSE
	EndGlobalSection
	GlobalSection(ExtensibilityGlobals) = postSolution
		SolutionGuid = {0CD2B5C0-724E-4E05-AE54-C89C391652E4}
	EndGlobalSection
EndGlobal
